
Microsoft Visual Studio Solution File, Format Version 12.00
# Visual Studio Version 17
VisualStudioVersion = 17.0.31903.59
MinimumVisualStudioVersion = 10.0.40219.1
Project("{2150E333-8FDC-42A3-9474-1A3956D46DE8}") = "src", "src", "{E019A58C-FB9C-45B9-981A-18A5636E0C55}"
EndProject
Project("{FAE04EC0-301F-11D3-BF4B-00C04F79EFBC}") = "Dawaii.Core", "src\Dawaii.Core\Dawaii.Core.csproj", "{B378E68B-EB86-4F7B-A368-34A956278A36}"
EndProject
Project("{FAE04EC0-301F-11D3-BF4B-00C04F79EFBC}") = "Dawaii.App", "src\Dawaii.App\Dawaii.App.csproj", "{8BA54976-8F43-4B43-8CD4-D7542250AB54}"
EndProject
Project("{2150E333-8FDC-42A3-9474-1A3956D46DE8}") = "tests", "tests", "{F89759B2-66AE-4FFA-9754-497B41BD0F84}"
EndProject
Project("{FAE04EC0-301F-11D3-BF4B-00C04F79EFBC}") = "Dawaii.Tests", "tests\Dawaii.Tests\Dawaii.Tests.csproj", "{29C95924-954F-4E78-821D-703BAF1A99F7}"
EndProject
Project("{FAE04EC0-301F-11D3-BF4B-00C04F79EFBC}") = "Erp.TelegramBot", "src\Erp.TelegramBot\Erp.TelegramBot.csproj", "{62B11E59-1A63-49EC-BFD9-93443C33DB83}"
EndProject
Project("{FAE04EC0-301F-11D3-BF4B-00C04F79EFBC}") = "Erp.TelegramBot.Tests", "tests\Erp.TelegramBot.Tests\Erp.TelegramBot.Tests.csproj", "{68F1119B-1EF1-4F60-B877-F36A0D39ECEF}"
EndProject
Global
	GlobalSection(SolutionConfigurationPlatforms) = preSolution
		Debug|Any CPU = Debug|Any CPU
		Debug|x64 = Debug|x64
		Debug|x86 = Debug|x86
		Release|Any CPU = Release|Any CPU
		Release|x64 = Release|x64
		Release|x86 = Release|x86
	EndGlobalSection
	GlobalSection(ProjectConfigurationPlatforms) = postSolution
		{B378E68B-EB86-4F7B-A368-34A956278A36}.Debug|Any CPU.ActiveCfg = Debug|Any CPU
		{B378E68B-EB86-4F7B-A368-34A956278A36}.Debug|Any CPU.Build.0 = Debug|Any CPU
		{B378E68B-EB86-4F7B-A368-34A956278A36}.Debug|x64.ActiveCfg = Debug|Any CPU
		{B378E68B-EB86-4F7B-A368-34A956278A36}.Debug|x64.Build.0 = Debug|Any CPU
		{B378E68B-EB86-4F7B-A368-34A956278A36}.Debug|x86.ActiveCfg = Debug|Any CPU
		{B378E68B-EB86-4F7B-A368-34A956278A36}.Debug|x86.Build.0 = Debug|Any CPU
		{B378E68B-EB86-4F7B-A368-34A956278A36}.Release|Any CPU.ActiveCfg = Release|Any CPU
		{B378E68B-EB86-4F7B-A368-34A956278A36}.Release|Any CPU.Build.0 = Release|Any CPU
		{B378E68B-EB86-4F7B-A368-34A956278A36}.Release|x64.ActiveCfg = Release|Any CPU
		{B378E68B-EB86-4F7B-A368-34A956278A36}.Release|x64.Build.0 = Release|Any CPU
		{B378E68B-EB86-4F7B-A368-34A956278A36}.Release|x86.ActiveCfg = Release|Any CPU
		{B378E68B-EB86-4F7B-A368-34A956278A36}.Release|x86.Build.0 = Release|Any CPU
		{8BA54976-8F43-4B43-8CD4-D7542250AB54}.Debug|Any CPU.ActiveCfg = Debug|Any CPU
		{8BA54976-8F43-4B43-8CD4-D7542250AB54}.Debug|Any CPU.Build.0 = Debug|Any CPU
		{8BA54976-8F43-4B43-8CD4-D7542250AB54}.Debug|x64.ActiveCfg = Debug|Any CPU
		{8BA54976-8F43-4B43-8CD4-D7542250AB54}.Debug|x64.Build.0 = Debug|Any CPU
		{8BA54976-8F43-4B43-8CD4-D7542250AB54}.Debug|x86.ActiveCfg = Debug|Any CPU
		{8BA54976-8F43-4B43-8CD4-D7542250AB54}.Debug|x86.Build.0 = Debug|Any CPU
		{8BA54976-8F43-4B43-8CD4-D7542250AB54}.Release|Any CPU.ActiveCfg = Release|Any CPU
		{8BA54976-8F43-4B43-8CD4-D7542250AB54}.Release|Any CPU.Build.0 = Release|Any CPU
		{8BA54976-8F43-4B43-8CD4-D7542250AB54}.Release|x64.ActiveCfg = Release|Any CPU
		{8BA54976-8F43-4B43-8CD4-D7542250AB54}.Release|x64.Build.0 = Release|Any CPU
		{8BA54976-8F43-4B43-8CD4-D7542250AB54}.Release|x86.ActiveCfg = Release|Any CPU
		{8BA54976-8F43-4B43-8CD4-D7542250AB54}.Release|x86.Build.0 = Release|Any CPU
		{29C95924-954F-4E78-821D-703BAF1A99F7}.Debug|Any CPU.ActiveCfg = Debug|Any CPU
		{29C95924-954F-4E78-821D-703BAF1A99F7}.Debug|Any CPU.Build.0 = Debug|Any CPU
		{29C95924-954F-4E78-821D-703BAF1A99F7}.Debug|x64.ActiveCfg = Debug|Any CPU
		{29C95924-954F-4E78-821D-703BAF1A99F7}.Debug|x64.Build.0 = Debug|Any CPU
		{29C95924-954F-4E78-821D-703BAF1A99F7}.Debug|x86.ActiveCfg = Debug|Any CPU
		{29C95924-954F-4E78-821D-703BAF1A99F7}.Debug|x86.Build.0 = Debug|Any CPU
		{29C95924-954F-4E78-821D-703BAF1A99F7}.Release|Any CPU.ActiveCfg = Release|Any CPU
		{29C95924-954F-4E78-821D-703BAF1A99F7}.Release|Any CPU.Build.0 = Release|Any CPU
		{29C95924-954F-4E78-821D-703BAF1A99F7}.Release|x64.ActiveCfg = Release|Any CPU
		{29C95924-954F-4E78-821D-703BAF1A99F7}.Release|x64.Build.0 = Release|Any CPU
		{29C95924-954F-4E78-821D-703BAF1A99F7}.Release|x86.ActiveCfg = Release|Any CPU
		{29C95924-954F-4E78-821D-703BAF1A99F7}.Release|x86.Build.0 = Release|Any CPU
		{62B11E59-1A63-49EC-BFD9-93443C33DB83}.Debug|Any CPU.ActiveCfg = Debug|Any CPU
		{62B11E59-1A63-49EC-BFD9-93443C33DB83}.Debug|Any CPU.Build.0 = Debug|Any CPU
		{62B11E59-1A63-49EC-BFD9-93443C33DB83}.Debug|x64.ActiveCfg = Debug|Any CPU
		{62B11E59-1A63-49EC-BFD9-93443C33DB83}.Debug|x64.Build.0 = Debug|Any CPU
		{62B11E59-1A63-49EC-BFD9-93443C33DB83}.Debug|x86.ActiveCfg = Debug|Any CPU
		{62B11E59-1A63-49EC-BFD9-93443C33DB83}.Debug|x86.Build.0 = Debug|Any CPU
		{62B11E59-1A63-49EC-BFD9-93443C33DB83}.Release|Any CPU.ActiveCfg = Release|Any CPU
		{62B11E59-1A63-49EC-BFD9-93443C33DB83}.Release|Any CPU.Build.0 = Release|Any CPU
		{62B11E59-1A63-49EC-BFD9-93443C33DB83}.Release|x64.ActiveCfg = Release|Any CPU
		{62B11E59-1A63-49EC-BFD9-93443C33DB83}.Release|x64.Build.0 = Release|Any CPU
		{62B11E59-1A63-49EC-BFD9-93443C33DB83}.Release|x86.ActiveCfg = Release|Any CPU
		{62B11E59-1A63-49EC-BFD9-93443C33DB83}.Release|x86.Build.0 = Release|Any CPU
		{68F1119B-1EF1-4F60-B877-F36A0D39ECEF}.Debug|Any CPU.ActiveCfg = Debug|Any CPU
		{68F1119B-1EF1-4F60-B877-F36A0D39ECEF}.Debug|Any CPU.Build.0 = Debug|Any CPU
		{68F1119B-1EF1-4F60-B877-F36A0D39ECEF}.Debug|x64.ActiveCfg = Debug|Any CPU
		{68F1119B-1EF1-4F60-B877-F36A0D39ECEF}.Debug|x64.Build.0 = Debug|Any CPU
		{68F1119B-1EF1-4F60-B877-F36A0D39ECEF}.Debug|x86.ActiveCfg = Debug|Any CPU
		{68F1119B-1EF1-4F60-B877-F36A0D39ECEF}.Debug|x86.Build.0 = Debug|Any CPU
		{68F1119B-1EF1-4F60-B877-F36A0D39ECEF}.Release|Any CPU.ActiveCfg = Release|Any CPU
		{68F1119B-1EF1-4F60-B877-F36A0D39ECEF}.Release|Any CPU.Build.0 = Release|Any CPU
		{68F1119B-1EF1-4F60-B877-F36A0D39ECEF}.Release|x64.ActiveCfg = Release|Any CPU
		{68F1119B-1EF1-4F60-B877-F36A0D39ECEF}.Release|x64.Build.0 = Release|Any CPU
		{68F1119B-1EF1-4F60-B877-F36A0D39ECEF}.Release|x86.ActiveCfg = Release|Any CPU
		{68F1119B-1EF1-4F60-B877-F36A0D39ECEF}.Release|x86.Build.0 = Release|Any CPU
	EndGlobalSection
	GlobalSection(SolutionProperties) = preSolution
		HideSolutionNode = FALSE
	EndGlobalSection
	GlobalSection(NestedProjects) = preSolution
		{B378E68B-EB86-4F7B-A368-34A956278A36} = {E019A58C-FB9C-45B9-981A-18A5636E0C55}
		{8BA54976-8F43-4B43-8CD4-D7542250AB54} = {E019A58C-FB9C-45B9-981A-18A5636E0C55}
		{29C95924-954F-4E78-821D-703BAF1A99F7} = {F89759B2-66AE-4FFA-9754-497B41BD0F84}
		{62B11E59-1A63-49EC-BFD9-93443C33DB83} = {E019A58C-FB9C-45B9-981A-18A5636E0C55}
		{68F1119B-1EF1-4F60-B877-F36A0D39ECEF} = {F89759B2-66AE-4FFA-9754-497B41BD0F84}
	EndGlobalSection
EndGlobal
